
Microsoft Visual Studio Solution File, Format Version 12.00
# Visual Studio Version 17
VisualStudioVersion = 17.5.33516.290
MinimumVisualStudioVersion = 10.0.40219.1
Project("{FAE04EC0-301F-11D3-BF4B-00C04F79EFBC}") = "RCapsSyncProcess", "RCapsSyncProcess\RCapsSyncProcess.csproj", "{4CCB35E2-8ED6-427A-9A88-9D995C8EA1ED}"
EndProject
Global
	GlobalSection(SolutionConfigurationPlatforms) = preSolution
		Debug|Any CPU = Debug|Any CPU
		Release|Any CPU = Release|Any CPU
	EndGlobalSection
	GlobalSection(ProjectConfigurationPlatforms) = postSolution
		{4CCB35E2-8ED6-427A-9A88-9D995C8EA1ED}.Debug|Any CPU.ActiveCfg = Debug|Any CPU
		{4CCB35E2-8ED6-427A-9A88-9D995C8EA1ED}.Debug|Any CPU.Build.0 = Debug|Any CPU
		{4CCB35E2-8ED6-427A-9A88-9D995C8EA1ED}.Release|Any CPU.ActiveCfg = Release|Any CPU
		{4CCB35E2-8ED6-427A-9A88-9D995C8EA1ED}.Release|Any CPU.Build.0 = Release|Any CPU
	EndGlobalSection
	GlobalSection(SolutionProperties) = preSolution
		HideSolutionNode = FALSE
	EndGlobalSection
	GlobalSection(ExtensibilityGlobals) = postSolution
		SolutionGuid = {7945F793-4A51-4228-BE61-B572DD0AF853}
	EndGlobalSection
EndGlobal
